// !$*UTF8*$!
{
	archiveVersion = 1;
	classes = {
	};
	objectVersion = 50;
	objects = {

/* Begin PBXBuildFile section */
		2BCFBAFC22CA2F8B00E54B53 /* AppDelegate.swift in Sources */ = {isa = PBXBuildFile; fileRef = 2BCFBAFB22CA2F8B00E54B53 /* AppDelegate.swift */; };
		2BCFBAFE22CA2F8B00E54B53 /* SceneDelegate.swift in Sources */ = {isa = PBXBuildFile; fileRef = 2BCFBAFD22CA2F8B00E54B53 /* SceneDelegate.swift */; };
		2BCFBB0022CA2F8B00E54B53 /* ContentView.swift in Sources */ = {isa = PBXBuildFile; fileRef = 2BCFBAFF22CA2F8B00E54B53 /* ContentView.swift */; };
		2BCFBB0222CA2F8C00E54B53 /* Assets.xcassets in Resources */ = {isa = PBXBuildFile; fileRef = 2BCFBB0122CA2F8C00E54B53 /* Assets.xcassets */; };
		2BCFBB0522CA2F8C00E54B53 /* Preview Assets.xcassets in Resources */ = {isa = PBXBuildFile; fileRef = 2BCFBB0422CA2F8C00E54B53 /* Preview Assets.xcassets */; };
		2BCFBB0822CA2F8C00E54B53 /* LaunchScreen.storyboard in Resources */ = {isa = PBXBuildFile; fileRef = 2BCFBB0622CA2F8C00E54B53 /* LaunchScreen.storyboard */; };
		2BCFBB1322CA2F8C00E54B53 /* PaletteTests.swift in Sources */ = {isa = PBXBuildFile; fileRef = 2BCFBB1222CA2F8C00E54B53 /* PaletteTests.swift */; };
		2BCFBB1E22CA2F8C00E54B53 /* PaletteUITests.swift in Sources */ = {isa = PBXBuildFile; fileRef = 2BCFBB1D22CA2F8C00E54B53 /* PaletteUITests.swift */; };
		2BCFBB2C22CA300400E54B53 /* SinglePaletteView.swift in Sources */ = {isa = PBXBuildFile; fileRef = 2BCFBB2B22CA300400E54B53 /* SinglePaletteView.swift */; };
/* End PBXBuildFile section */

/* Begin PBXContainerItemProxy section */
		2BCFBB0F22CA2F8C00E54B53 /* PBXContainerItemProxy */ = {
			isa = PBXContainerItemProxy;
			containerPortal = 2BCFBAF022CA2F8B00E54B53 /* Project object */;
			proxyType = 1;
			remoteGlobalIDString = 2BCFBAF722CA2F8B00E54B53;
			remoteInfo = Palette;
		};
		2BCFBB1A22CA2F8C00E54B53 /* PBXContainerItemProxy */ = {
			isa = PBXContainerItemProxy;
			containerPortal = 2BCFBAF022CA2F8B00E54B53 /* Project object */;
			proxyType = 1;
			remoteGlobalIDString = 2BCFBAF722CA2F8B00E54B53;
			remoteInfo = Palette;
		};
/* End PBXContainerItemProxy section */

/* Begin PBXFileReference section */
		2BCFBAF822CA2F8B00E54B53 /* Palette.app */ = {isa = PBXFileReference; explicitFileType = wrapper.application; includeInIndex = 0; path = Palette.app; sourceTree = BUILT_PRODUCTS_DIR; };
		2BCFBAFB22CA2F8B00E54B53 /* AppDelegate.swift */ = {isa = PBXFileReference; lastKnownFileType = sourcecode.swift; path = AppDelegate.swift; sourceTree = "<group>"; };
		2BCFBAFD22CA2F8B00E54B53 /* SceneDelegate.swift */ = {isa = PBXFileReference; lastKnownFileType = sourcecode.swift; path = SceneDelegate.swift; sourceTree = "<group>"; };
		2BCFBAFF22CA2F8B00E54B53 /* ContentView.swift */ = {isa = PBXFileReference; lastKnownFileType = sourcecode.swift; path = ContentView.swift; sourceTree = "<group>"; };
		2BCFBB0122CA2F8C00E54B53 /* Assets.xcassets */ = {isa = PBXFileReference; lastKnownFileType = folder.assetcatalog; path = Assets.xcassets; sourceTree = "<group>"; };
		2BCFBB0422CA2F8C00E54B53 /* Preview Assets.xcassets */ = {isa = PBXFileReference; lastKnownFileType = folder.assetcatalog; path = "Preview Assets.xcassets"; sourceTree = "<group>"; };
		2BCFBB0722CA2F8C00E54B53 /* Base */ = {isa = PBXFileReference; lastKnownFileType = file.storyboard; name = Base; path = Base.lproj/LaunchScreen.storyboard; sourceTree = "<group>"; };
		2BCFBB0922CA2F8C00E54B53 /* Info.plist */ = {isa = PBXFileReference; lastKnownFileType = text.plist.xml; path = Info.plist; sourceTree = "<group>"; };
		2BCFBB0E22CA2F8C00E54B53 /* PaletteTests.xctest */ = {isa = PBXFileReference; explicitFileType = wrapper.cfbundle; includeInIndex = 0; path = PaletteTests.xctest; sourceTree = BUILT_PRODUCTS_DIR; };
		2BCFBB1222CA2F8C00E54B53 /* PaletteTests.swift */ = {isa = PBXFileReference; lastKnownFileType = sourcecode.swift; path = PaletteTests.swift; sourceTree = "<group>"; };
		2BCFBB1422CA2F8C00E54B53 /* Info.plist */ = {isa = PBXFileReference; lastKnownFileType = text.plist.xml; path = Info.plist; sourceTree = "<group>"; };
		2BCFBB1922CA2F8C00E54B53 /* PaletteUITests.xctest */ = {isa = PBXFileReference; explicitFileType = wrapper.cfbundle; includeInIndex = 0; path = PaletteUITests.xctest; sourceTree = BUILT_PRODUCTS_DIR; };
		2BCFBB1D22CA2F8C00E54B53 /* PaletteUITests.swift */ = {isa = PBXFileReference; lastKnownFileType = sourcecode.swift; path = PaletteUITests.swift; sourceTree = "<group>"; };
		2BCFBB1F22CA2F8C00E54B53 /* Info.plist */ = {isa = PBXFileReference; lastKnownFileType = text.plist.xml; path = Info.plist; sourceTree = "<group>"; };
		2BCFBB2B22CA300400E54B53 /* SinglePaletteView.swift */ = {isa = PBXFileReference; lastKnownFileType = sourcecode.swift; path = SinglePaletteView.swift; sourceTree = "<group>"; };
/* End PBXFileReference section */

/* Begin PBXFrameworksBuildPhase section */
		2BCFBAF522CA2F8B00E54B53 /* Frameworks */ = {
			isa = PBXFrameworksBuildPhase;
			buildActionMask = 2147483647;
			files = (
			);
			runOnlyForDeploymentPostprocessing = 0;
		};
		2BCFBB0B22CA2F8C00E54B53 /* Frameworks */ = {
			isa = PBXFrameworksBuildPhase;
			buildActionMask = 2147483647;
			files = (
			);
			runOnlyForDeploymentPostprocessing = 0;
		};
		2BCFBB1622CA2F8C00E54B53 /* Frameworks */ = {
			isa = PBXFrameworksBuildPhase;
			buildActionMask = 2147483647;
			files = (
			);
			runOnlyForDeploymentPostprocessing = 0;
		};
/* End PBXFrameworksBuildPhase section */

/* Begin PBXGroup section */
		2BCFBAEF22CA2F8B00E54B53 = {
			isa = PBXGroup;
			children = (
				2BCFBAFA22CA2F8B00E54B53 /* Palette */,
				2BCFBB1122CA2F8C00E54B53 /* PaletteTests */,
				2BCFBB1C22CA2F8C00E54B53 /* PaletteUITests */,
				2BCFBAF922CA2F8B00E54B53 /* Products */,
			);
			sourceTree = "<group>";
		};
		2BCFBAF922CA2F8B00E54B53 /* Products */ = {
			isa = PBXGroup;
			children = (
				2BCFBAF822CA2F8B00E54B53 /* Palette.app */,
				2BCFBB0E22CA2F8C00E54B53 /* PaletteTests.xctest */,
				2BCFBB1922CA2F8C00E54B53 /* PaletteUITests.xctest */,
			);
			name = Products;
			sourceTree = "<group>";
		};
		2BCFBAFA22CA2F8B00E54B53 /* Palette */ = {
			isa = PBXGroup;
			children = (
				2BCFBAFB22CA2F8B00E54B53 /* AppDelegate.swift */,
				2BCFBAFD22CA2F8B00E54B53 /* SceneDelegate.swift */,
				2BCFBAFF22CA2F8B00E54B53 /* ContentView.swift */,
				2BCFBB2B22CA300400E54B53 /* SinglePaletteView.swift */,
				2BCFBB0122CA2F8C00E54B53 /* Assets.xcassets */,
				2BCFBB0622CA2F8C00E54B53 /* LaunchScreen.storyboard */,
				2BCFBB0922CA2F8C00E54B53 /* Info.plist */,
				2BCFBB0322CA2F8C00E54B53 /* Preview Content */,
			);
			path = Palette;
			sourceTree = "<group>";
		};
		2BCFBB0322CA2F8C00E54B53 /* Preview Content */ = {
			isa = PBXGroup;
			children = (
				2BCFBB0422CA2F8C00E54B53 /* Preview Assets.xcassets */,
			);
			path = "Preview Content";
			sourceTree = "<group>";
		};
		2BCFBB1122CA2F8C00E54B53 /* PaletteTests */ = {
			isa = PBXGroup;
			children = (
				2BCFBB1222CA2F8C00E54B53 /* PaletteTests.swift */,
				2BCFBB1422CA2F8C00E54B53 /* Info.plist */,
			);
			path = PaletteTests;
			sourceTree = "<group>";
		};
		2BCFBB1C22CA2F8C00E54B53 /* PaletteUITests */ = {
			isa = PBXGroup;
			children = (
				2BCFBB1D22CA2F8C00E54B53 /* PaletteUITests.swift */,
				2BCFBB1F22CA2F8C00E54B53 /* Info.plist */,
			);
			path = PaletteUITests;
			sourceTree = "<group>";
		};
/* End PBXGroup section */

/* Begin PBXNativeTarget section */
		2BCFBAF722CA2F8B00E54B53 /* Palette */ = {
			isa = PBXNativeTarget;
			buildConfigurationList = 2BCFBB2222CA2F8C00E54B53 /* Build configuration list for PBXNativeTarget "Palette" */;
			buildPhases = (
				2BCFBAF422CA2F8B00E54B53 /* Sources */,
				2BCFBAF522CA2F8B00E54B53 /* Frameworks */,
				2BCFBAF622CA2F8B00E54B53 /* Resources */,
			);
			buildRules = (
			);
			dependencies = (
			);
			name = Palette;
			productName = Palette;
			productReference = 2BCFBAF822CA2F8B00E54B53 /* Palette.app */;
			productType = "com.apple.product-type.application";
		};
		2BCFBB0D22CA2F8C00E54B53 /* PaletteTests */ = {
			isa = PBXNativeTarget;
			buildConfigurationList = 2BCFBB2522CA2F8C00E54B53 /* Build configuration list for PBXNativeTarget "PaletteTests" */;
			buildPhases = (
				2BCFBB0A22CA2F8C00E54B53 /* Sources */,
				2BCFBB0B22CA2F8C00E54B53 /* Frameworks */,
				2BCFBB0C22CA2F8C00E54B53 /* Resources */,
			);
			buildRules = (
			);
			dependencies = (
				2BCFBB1022CA2F8C00E54B53 /* PBXTargetDependency */,
			);
			name = PaletteTests;
			productName = PaletteTests;
			productReference = 2BCFBB0E22CA2F8C00E54B53 /* PaletteTests.xctest */;
			productType = "com.apple.product-type.bundle.unit-test";
		};
		2BCFBB1822CA2F8C00E54B53 /* PaletteUITests */ = {
			isa = PBXNativeTarget;
			buildConfigurationList = 2BCFBB2822CA2F8C00E54B53 /* Build configuration list for PBXNativeTarget "PaletteUITests" */;
			buildPhases = (
				2BCFBB1522CA2F8C00E54B53 /* Sources */,
				2BCFBB1622CA2F8C00E54B53 /* Frameworks */,
				2BCFBB1722CA2F8C00E54B53 /* Resources */,
			);
			buildRules = (
			);
			dependencies = (
				2BCFBB1B22CA2F8C00E54B53 /* PBXTargetDependency */,
			);
			name = PaletteUITests;
			productName = PaletteUITests;
			productReference = 2BCFBB1922CA2F8C00E54B53 /* PaletteUITests.xctest */;
			productType = "com.apple.product-type.bundle.ui-testing";
		};
/* End PBXNativeTarget section */

/* Begin PBXProject section */
		2BCFBAF022CA2F8B00E54B53 /* Project object */ = {
			isa = PBXProject;
			attributes = {
				LastSwiftUpdateCheck = 1100;
				LastUpgradeCheck = 1100;
				ORGANIZATIONNAME = "Issac Penn";
				TargetAttributes = {
					2BCFBAF722CA2F8B00E54B53 = {
						CreatedOnToolsVersion = 11.0;
					};
					2BCFBB0D22CA2F8C00E54B53 = {
						CreatedOnToolsVersion = 11.0;
						TestTargetID = 2BCFBAF722CA2F8B00E54B53;
					};
					2BCFBB1822CA2F8C00E54B53 = {
						CreatedOnToolsVersion = 11.0;
						TestTargetID = 2BCFBAF722CA2F8B00E54B53;
					};
				};
			};
			buildConfigurationList = 2BCFBAF322CA2F8B00E54B53 /* Build configuration list for PBXProject "Palette" */;
			compatibilityVersion = "Xcode 9.3";
			developmentRegion = en;
			hasScannedForEncodings = 0;
			knownRegions = (
				en,
				Base,
			);
			mainGroup = 2BCFBAEF22CA2F8B00E54B53;
			productRefGroup = 2BCFBAF922CA2F8B00E54B53 /* Products */;
			projectDirPath = "";
			projectRoot = "";
			targets = (
				2BCFBAF722CA2F8B00E54B53 /* Palette */,
				2BCFBB0D22CA2F8C00E54B53 /* PaletteTests */,
				2BCFBB1822CA2F8C00E54B53 /* PaletteUITests */,
			);
		};
/* End PBXProject section */

/* Begin PBXResourcesBuildPhase section */
		2BCFBAF622CA2F8B00E54B53 /* Resources */ = {
			isa = PBXResourcesBuildPhase;
			buildActionMask = 2147483647;
			files = (
				2BCFBB0822CA2F8C00E54B53 /* LaunchScreen.storyboard in Resources */,
				2BCFBB0522CA2F8C00E54B53 /* Preview Assets.xcassets in Resources */,
				2BCFBB0222CA2F8C00E54B53 /* Assets.xcassets in Resources */,
			);
			runOnlyForDeploymentPostprocessing = 0;
		};
		2BCFBB0C22CA2F8C00E54B53 /* Resources */ = {
			isa = PBXResourcesBuildPhase;
			buildActionMask = 2147483647;
			files = (
			);
			runOnlyForDeploymentPostprocessing = 0;
		};
		2BCFBB1722CA2F8C00E54B53 /* Resources */ = {
			isa = PBXResourcesBuildPhase;
			buildActionMask = 2147483647;
			files = (
			);
			runOnlyForDeploymentPostprocessing = 0;
		};
/* End PBXResourcesBuildPhase section */

/* Begin PBXSourcesBuildPhase section */
		2BCFBAF422CA2F8B00E54B53 /* Sources */ = {
			isa = PBXSourcesBuildPhase;
			buildActionMask = 2147483647;
			files = (
				2BCFBAFC22CA2F8B00E54B53 /* AppDelegate.swift in Sources */,
				2BCFBAFE22CA2F8B00E54B53 /* SceneDelegate.swift in Sources */,
				2BCFBB2C22CA300400E54B53 /* SinglePaletteView.swift in Sources */,
				2BCFBB0022CA2F8B00E54B53 /* ContentView.swift in Sources */,
			);
			runOnlyForDeploymentPostprocessing = 0;
		};
		2BCFBB0A22CA2F8C00E54B53 /* Sources */ = {
			isa = PBXSourcesBuildPhase;
			buildActionMask = 2147483647;
			files = (
				2BCFBB1322CA2F8C00E54B53 /* PaletteTests.swift in Sources */,
			);
			runOnlyForDeploymentPostprocessing = 0;
		};
		2BCFBB1522CA2F8C00E54B53 /* Sources */ = {
			isa = PBXSourcesBuildPhase;
			buildActionMask = 2147483647;
			files = (
				2BCFBB1E22CA2F8C00E54B53 /* PaletteUITests.swift in Sources */,
			);
			runOnlyForDeploymentPostprocessing = 0;
		};
/* End PBXSourcesBuildPhase section */

/* Begin PBXTargetDependency section */
		2BCFBB1022CA2F8C00E54B53 /* PBXTargetDependency */ = {
			isa = PBXTargetDependency;
			target = 2BCFBAF722CA2F8B00E54B53 /* Palette */;
			targetProxy = 2BCFBB0F22CA2F8C00E54B53 /* PBXContainerItemProxy */;
		};
		2BCFBB1B22CA2F8C00E54B53 /* PBXTargetDependency */ = {
			isa = PBXTargetDependency;
			target = 2BCFBAF722CA2F8B00E54B53 /* Palette */;
			targetProxy = 2BCFBB1A22CA2F8C00E54B53 /* PBXContainerItemProxy */;
		};
/* End PBXTargetDependency section */

/* Begin PBXVariantGroup section */
		2BCFBB0622CA2F8C00E54B53 /* LaunchScreen.storyboard */ = {
			isa = PBXVariantGroup;
			children = (
				2BCFBB0722CA2F8C00E54B53 /* Base */,
			);
			name = LaunchScreen.storyboard;
			sourceTree = "<group>";
		};
/* End PBXVariantGroup section */

/* Begin XCBuildConfiguration section */
		2BCFBB2022CA2F8C00E54B53 /* Debug */ = {
			isa = XCBuildConfiguration;
			buildSettings = {
				ALWAYS_SEARCH_USER_PATHS = NO;
				CLANG_ANALYZER_NONNULL = YES;
				CLANG_ANALYZER_NUMBER_OBJECT_CONVERSION = YES_AGGRESSIVE;
				CLANG_CXX_LANGUAGE_STANDARD = "gnu++14";
				CLANG_CXX_LIBRARY = "libc++";
				CLANG_ENABLE_MODULES = YES;
				CLANG_ENABLE_OBJC_ARC = YES;
				CLANG_ENABLE_OBJC_WEAK = YES;
				CLANG_WARN_BLOCK_CAPTURE_AUTORELEASING = YES;
				CLANG_WARN_BOOL_CONVERSION = YES;
				CLANG_WARN_COMMA = YES;
				CLANG_WARN_CONSTANT_CONVERSION = YES;
				CLANG_WARN_DEPRECATED_OBJC_IMPLEMENTATIONS = YES;
				CLANG_WARN_DIRECT_OBJC_ISA_USAGE = YES_ERROR;
				CLANG_WARN_DOCUMENTATION_COMMENTS = YES;
				CLANG_WARN_EMPTY_BODY = YES;
				CLANG_WARN_ENUM_CONVERSION = YES;
				CLANG_WARN_INFINITE_RECURSION = YES;
				CLANG_WARN_INT_CONVERSION = YES;
				CLANG_WARN_NON_LITERAL_NULL_CONVERSION = YES;
				CLANG_WARN_OBJC_IMPLICIT_RETAIN_SELF = YES;
				CLANG_WARN_OBJC_LITERAL_CONVERSION = YES;
				CLANG_WARN_OBJC_ROOT_CLASS = YES_ERROR;
				CLANG_WARN_RANGE_LOOP_ANALYSIS = YES;
				CLANG_WARN_STRICT_PROTOTYPES = YES;
				CLANG_WARN_SUSPICIOUS_MOVE = YES;
				CLANG_WARN_UNGUARDED_AVAILABILITY = YES_AGGRESSIVE;
				CLANG_WARN_UNREACHABLE_CODE = YES;
				CLANG_WARN__DUPLICATE_METHOD_MATCH = YES;
				COPY_PHASE_STRIP = NO;
				DEBUG_INFORMATION_FORMAT = dwarf;
				ENABLE_STRICT_OBJC_MSGSEND = YES;
				ENABLE_TESTABILITY = YES;
				GCC_C_LANGUAGE_STANDARD = gnu11;
				GCC_DYNAMIC_NO_PIC = NO;
				GCC_NO_COMMON_BLOCKS = YES;
				GCC_OPTIMIZATION_LEVEL = 0;
				GCC_PREPROCESSOR_DEFINITIONS = (
					"DEBUG=1",
					"$(inherited)",
				);
				GCC_WARN_64_TO_32_BIT_CONVERSION = YES;
				GCC_WARN_ABOUT_RETURN_TYPE = YES_ERROR;
				GCC_WARN_UNDECLARED_SELECTOR = YES;
				GCC_WARN_UNINITIALIZED_AUTOS = YES_AGGRESSIVE;
				GCC_WARN_UNUSED_FUNCTION = YES;
				GCC_WARN_UNUSED_VARIABLE = YES;
				IPHONEOS_DEPLOYMENT_TARGET = 13.0;
				MTL_ENABLE_DEBUG_INFO = INCLUDE_SOURCE;
				MTL_FAST_MATH = YES;
				ONLY_ACTIVE_ARCH = YES;
				SDKROOT = iphoneos;
				SWIFT_ACTIVE_COMPILATION_CONDITIONS = DEBUG;
				SWIFT_OPTIMIZATION_LEVEL = "-Onone";
			};
			name = Debug;
		};
		2BCFBB2122CA2F8C00E54B53 /* Release */ = {
			isa = XCBuildConfiguration;
			buildSettings = {
				ALWAYS_SEARCH_USER_PATHS = NO;
				CLANG_ANALYZER_NONNULL = YES;
				CLANG_ANALYZER_NUMBER_OBJECT_CONVERSION = YES_AGGRESSIVE;
				CLANG_CXX_LANGUAGE_STANDARD = "gnu++14";
				CLANG_CXX_LIBRARY = "libc++";
				CLANG_ENABLE_MODULES = YES;
				CLANG_ENABLE_OBJC_ARC = YES;
				CLANG_ENABLE_OBJC_WEAK = YES;
				CLANG_WARN_BLOCK_CAPTURE_AUTORELEASING = YES;
				CLANG_WARN_BOOL_CONVERSION = YES;
				CLANG_WARN_COMMA = YES;
				CLANG_WARN_CONSTANT_CONVERSION = YES;
				CLANG_WARN_DEPRECATED_OBJC_IMPLEMENTATIONS = YES;
				CLANG_WARN_DIRECT_OBJC_ISA_USAGE = YES_ERROR;
				CLANG_WARN_DOCUMENTATION_COMMENTS = YES;
				CLANG_WARN_EMPTY_BODY = YES;
				CLANG_WARN_ENUM_CONVERSION = YES;
				CLANG_WARN_INFINITE_RECURSION = YES;
				CLANG_WARN_INT_CONVERSION = YES;
				CLANG_WARN_NON_LITERAL_NULL_CONVERSION = YES;
				CLANG_WARN_OBJC_IMPLICIT_RETAIN_SELF = YES;
				CLANG_WARN_OBJC_LITERAL_CONVERSION = YES;
				CLANG_WARN_OBJC_ROOT_CLASS = YES_ERROR;
				CLANG_WARN_RANGE_LOOP_ANALYSIS = YES;
				CLANG_WARN_STRICT_PROTOTYPES = YES;
				CLANG_WARN_SUSPICIOUS_MOVE = YES;
				CLANG_WARN_UNGUARDED_AVAILABILITY = YES_AGGRESSIVE;
				CLANG_WARN_UNREACHABLE_CODE = YES;
				CLANG_WARN__DUPLICATE_METHOD_MATCH = YES;
				COPY_PHASE_STRIP = NO;
				DEBUG_INFORMATION_FORMAT = "dwarf-with-dsym";
				ENABLE_NS_ASSERTIONS = NO;
				ENABLE_STRICT_OBJC_MSGSEND = YES;
				GCC_C_LANGUAGE_STANDARD = gnu11;
				GCC_NO_COMMON_BLOCKS = YES;
				GCC_WARN_64_TO_32_BIT_CONVERSION = YES;
				GCC_WARN_ABOUT_RETURN_TYPE = YES_ERROR;
				GCC_WARN_UNDECLARED_SELECTOR = YES;
				GCC_WARN_UNINITIALIZED_AUTOS = YES_AGGRESSIVE;
				GCC_WARN_UNUSED_FUNCTION = YES;
				GCC_WARN_UNUSED_VARIABLE = YES;
				IPHONEOS_DEPLOYMENT_TARGET = 13.0;
				MTL_ENABLE_DEBUG_INFO = NO;
				MTL_FAST_MATH = YES;
				SDKROOT = iphoneos;
				SWIFT_COMPILATION_MODE = wholemodule;
				SWIFT_OPTIMIZATION_LEVEL = "-O";
				VALIDATE_PRODUCT = YES;
			};
			name = Release;
		};
		2BCFBB2322CA2F8C00E54B53 /* Debug */ = {
			isa = XCBuildConfiguration;
			buildSettings = {
				ASSETCATALOG_COMPILER_APPICON_NAME = AppIcon;
				CODE_SIGN_STYLE = Automatic;
				DEVELOPMENT_ASSET_PATHS = "Palette/Preview\\ Content";
				DEVELOPMENT_TEAM = 23GN8P9Q5M;
				ENABLE_PREVIEWS = YES;
				INFOPLIST_FILE = Palette/Info.plist;
				LD_RUNPATH_SEARCH_PATHS = (
					"$(inherited)",
					"@executable_path/Frameworks",
				);
				PRODUCT_BUNDLE_IDENTIFIER = com.pbb.study.Palette;
				PRODUCT_NAME = "$(TARGET_NAME)";
				SWIFT_VERSION = 5.0;
				TARGETED_DEVICE_FAMILY = "1,2";
			};
			name = Debug;
		};
		2BCFBB2422CA2F8C00E54B53 /* Release */ = {
			isa = XCBuildConfiguration;
			buildSettings = {
				ASSETCATALOG_COMPILER_APPICON_NAME = AppIcon;
				CODE_SIGN_STYLE = Automatic;
				DEVELOPMENT_ASSET_PATHS = "Palette/Preview\\ Content";
				DEVELOPMENT_TEAM = 23GN8P9Q5M;
				ENABLE_PREVIEWS = YES;
				INFOPLIST_FILE = Palette/Info.plist;
				LD_RUNPATH_SEARCH_PATHS = (
					"$(inherited)",
					"@executable_path/Frameworks",
				);
				PRODUCT_BUNDLE_IDENTIFIER = com.pbb.study.Palette;
				PRODUCT_NAME = "$(TARGET_NAME)";
				SWIFT_VERSION = 5.0;
				TARGETED_DEVICE_FAMILY = "1,2";
			};
			name = Release;
		};
		2BCFBB2622CA2F8C00E54B53 /* Debug */ = {
			isa = XCBuildConfiguration;
			buildSettings = {
				ALWAYS_EMBED_SWIFT_STANDARD_LIBRARIES = YES;
				BUNDLE_LOADER = "$(TEST_HOST)";
				CODE_SIGN_STYLE = Automatic;
				DEVELOPMENT_TEAM = 23GN8P9Q5M;
				INFOPLIST_FILE = PaletteTests/Info.plist;
				LD_RUNPATH_SEARCH_PATHS = (
					"$(inherited)",
					"@executable_path/Frameworks",
					"@loader_path/Frameworks",
				);
				PRODUCT_BUNDLE_IDENTIFIER = com.pbb.study.PaletteTests;
				PRODUCT_NAME = "$(TARGET_NAME)";
				SWIFT_VERSION = 5.0;
				TARGETED_DEVICE_FAMILY = "1,2";
				TEST_HOST = "$(BUILT_PRODUCTS_DIR)/Palette.app/Palette";
			};
			name = Debug;
		};
		2BCFBB2722CA2F8C00E54B53 /* Release */ = {
			isa = XCBuildConfiguration;
			buildSettings = {
				ALWAYS_EMBED_SWIFT_STANDARD_LIBRARIES = YES;
				BUNDLE_LOADER = "$(TEST_HOST)";
				CODE_SIGN_STYLE = Automatic;
				DEVELOPMENT_TEAM = 23GN8P9Q5M;
				INFOPLIST_FILE = PaletteTests/Info.plist;
				LD_RUNPATH_SEARCH_PATHS = (
					"$(inherited)",
					"@executable_path/Frameworks",
					"@loader_path/Frameworks",
				);
				PRODUCT_BUNDLE_IDENTIFIER = com.pbb.study.PaletteTests;
				PRODUCT_NAME = "$(TARGET_NAME)";
				SWIFT_VERSION = 5.0;
				TARGETED_DEVICE_FAMILY = "1,2";
				TEST_HOST = "$(BUILT_PRODUCTS_DIR)/Palette.app/Palette";
			};
			name = Release;
		};
		2BCFBB2922CA2F8C00E54B53 /* Debug */ = {
			isa = XCBuildConfiguration;
			buildSettings = {
				ALWAYS_EMBED_SWIFT_STANDARD_LIBRARIES = YES;
				CODE_SIGN_STYLE = Automatic;
				DEVELOPMENT_TEAM = 23GN8P9Q5M;
				INFOPLIST_FILE = PaletteUITests/Info.plist;
				LD_RUNPATH_SEARCH_PATHS = (
					"$(inherited)",
					"@executable_path/Frameworks",
					"@loader_path/Frameworks",
				);
				PRODUCT_BUNDLE_IDENTIFIER = com.pbb.study.PaletteUITests;
				PRODUCT_NAME = "$(TARGET_NAME)";
				SWIFT_VERSION = 5.0;
				TARGETED_DEVICE_FAMILY = "1,2";
				TEST_TARGET_NAME = Palette;
			};
			name = Debug;
		};
		2BCFBB2A22CA2F8C00E54B53 /* Release */ = {
			isa = XCBuildConfiguration;
			buildSettings = {
				ALWAYS_EMBED_SWIFT_STANDARD_LIBRARIES = YES;
				CODE_SIGN_STYLE = Automatic;
				DEVELOPMENT_TEAM = 23GN8P9Q5M;
				INFOPLIST_FILE = PaletteUITests/Info.plist;
				LD_RUNPATH_SEARCH_PATHS = (
					"$(inherited)",
					"@executable_path/Frameworks",
					"@loader_path/Frameworks",
				);
				PRODUCT_BUNDLE_IDENTIFIER = com.pbb.study.PaletteUITests;
				PRODUCT_NAME = "$(TARGET_NAME)";
				SWIFT_VERSION = 5.0;
				TARGETED_DEVICE_FAMILY = "1,2";
				TEST_TARGET_NAME = Palette;
			};
			name = Release;
		};
/* End XCBuildConfiguration section */

/* Begin XCConfigurationList section */
		2BCFBAF322CA2F8B00E54B53 /* Build configuration list for PBXProject "Palette" */ = {
			isa = XCConfigurationList;
			buildConfigurations = (
				2BCFBB2022CA2F8C00E54B53 /* Debug */,
				2BCFBB2122CA2F8C00E54B53 /* Release */,
			);
			defaultConfigurationIsVisible = 0;
			defaultConfigurationName = Release;
		};
		2BCFBB2222CA2F8C00E54B53 /* Build configuration list for PBXNativeTarget "Palette" */ = {
			isa = XCConfigurationList;
			buildConfigurations = (
				2BCFBB2322CA2F8C00E54B53 /* Debug */,
				2BCFBB2422CA2F8C00E54B53 /* Release */,
			);
			defaultConfigurationIsVisible = 0;
			defaultConfigurationName = Release;
		};
		2BCFBB2522CA2F8C00E54B53 /* Build configuration list for PBXNativeTarget "PaletteTests" */ = {
			isa = XCConfigurationList;
			buildConfigurations = (
				2BCFBB2622CA2F8C00E54B53 /* Debug */,
				2BCFBB2722CA2F8C00E54B53 /* Release */,
			);
			defaultConfigurationIsVisible = 0;
			defaultConfigurationName = Release;
		};
		2BCFBB2822CA2F8C00E54B53 /* Build configuration list for PBXNativeTarget "PaletteUITests" */ = {
			isa = XCConfigurationList;
			buildConfigurations = (
				2BCFBB2922CA2F8C00E54B53 /* Debug */,
				2BCFBB2A22CA2F8C00E54B53 /* Release */,
			);
			defaultConfigurationIsVisible = 0;
			defaultConfigurationName = Release;
		};
/* End XCConfigurationList section */
	};
	rootObject = 2BCFBAF022CA2F8B00E54B53 /* Project object */;
}
